
Microsoft Visual Studio Solution File, Format Version 12.00
# Visual Studio Version 16
VisualStudioVersion = 16.0.31129.286
MinimumVisualStudioVersion = 10.0.40219.1
Project("{8BC9CEB8-8B4A-11D0-8D11-00A0C91BC942}") = "HelloWorld", "HelloWorld\HelloWorld.vcxproj", "{D25276F0-9E9C-4F23-B5CE-0535C3BC829C}"
EndProject
Project("{8BC9CEB8-8B4A-11D0-8D11-00A0C91BC942}") = "UserDataTypes", "UserDataTypes\UserDataTypes.vcxproj", "{0953025E-6A82-4C2E-BF01-8205975F770C}"
EndProject
Project("{8BC9CEB8-8B4A-11D0-8D11-00A0C91BC942}") = "MannB_DataTypes", "MannB_DataTypes\MannB_DataTypes.vcxproj", "{20268C95-3532-4419-B286-AA3080F60AED}"
EndProject
Project("{8BC9CEB8-8B4A-11D0-8D11-00A0C91BC942}") = "MannB_UserDataTypes", "MannB_UserDataTypes\MannB_UserDataTypes.vcxproj", "{A8E2F706-2A26-4C07-B859-E7899A76CE92}"
EndProject
Project("{8BC9CEB8-8B4A-11D0-8D11-00A0C91BC942}") = "Memory", "Memory\Memory.vcxproj", "{2738EA80-9D76-4E01-A89C-F0D8D242167B}"
EndProject
Project("{8BC9CEB8-8B4A-11D0-8D11-00A0C91BC942}") = "MemoryReview", "MemoryReview\MemoryReview.vcxproj", "{F4C37903-610D-4134-B0B8-C2CF1599E204}"
EndProject
Project("{8BC9CEB8-8B4A-11D0-8D11-00A0C91BC942}") = "OOP", "OOP\OOP.vcxproj", "{ECDCEA48-A79B-448B-9D23-E59F1D380EBA}"
EndProject
Project("{8BC9CEB8-8B4A-11D0-8D11-00A0C91BC942}") = "Database", "Database\Database.vcxproj", "{E0BB4547-8BA0-42CE-B77D-8E86EB8B140B}"
EndProject
Project("{8BC9CEB8-8B4A-11D0-8D11-00A0C91BC942}") = "Stream", "Stream\Stream.vcxproj", "{6A9795F8-9380-43C1-A253-6645B70D16BC}"
EndProject
Project("{8BC9CEB8-8B4A-11D0-8D11-00A0C91BC942}") = "Operators", "Operators\Operators.vcxproj", "{D797C9E0-AE9A-4C8A-845F-5D9357B11AC0}"
EndProject
Project("{8BC9CEB8-8B4A-11D0-8D11-00A0C91BC942}") = "Parameters", "Parameters\Parameters.vcxproj", "{8C8ACB33-7A09-48A6-9C0A-357060086402}"
EndProject
Project("{8BC9CEB8-8B4A-11D0-8D11-00A0C91BC942}") = "Array", "Array\Array.vcxproj", "{0DECA468-B0D2-42DC-BEAD-B410C88A2906}"
EndProject
Project("{8BC9CEB8-8B4A-11D0-8D11-00A0C91BC942}") = "Templates", "Templates\Templates.vcxproj", "{7EEC72A6-30FC-4A56-9295-6789ACDCD618}"
EndProject
Project("{8BC9CEB8-8B4A-11D0-8D11-00A0C91BC942}") = "Vector", "Vector\Vector.vcxproj", "{7E4CBCA2-3BCE-4774-ABBD-AB79E1B66CFF}"
EndProject
Global
	GlobalSection(SolutionConfigurationPlatforms) = preSolution
		Debug|x64 = Debug|x64
		Debug|x86 = Debug|x86
		Release|x64 = Release|x64
		Release|x86 = Release|x86
	EndGlobalSection
	GlobalSection(ProjectConfigurationPlatforms) = postSolution
		{D25276F0-9E9C-4F23-B5CE-0535C3BC829C}.Debug|x64.ActiveCfg = Debug|x64
		{D25276F0-9E9C-4F23-B5CE-0535C3BC829C}.Debug|x64.Build.0 = Debug|x64
		{D25276F0-9E9C-4F23-B5CE-0535C3BC829C}.Debug|x86.ActiveCfg = Debug|Win32
		{D25276F0-9E9C-4F23-B5CE-0535C3BC829C}.Debug|x86.Build.0 = Debug|Win32
		{D25276F0-9E9C-4F23-B5CE-0535C3BC829C}.Release|x64.ActiveCfg = Release|x64
		{D25276F0-9E9C-4F23-B5CE-0535C3BC829C}.Release|x64.Build.0 = Release|x64
		{D25276F0-9E9C-4F23-B5CE-0535C3BC829C}.Release|x86.ActiveCfg = Release|Win32
		{D25276F0-9E9C-4F23-B5CE-0535C3BC829C}.Release|x86.Build.0 = Release|Win32
		{0953025E-6A82-4C2E-BF01-8205975F770C}.Debug|x64.ActiveCfg = Debug|x64
		{0953025E-6A82-4C2E-BF01-8205975F770C}.Debug|x64.Build.0 = Debug|x64
		{0953025E-6A82-4C2E-BF01-8205975F770C}.Debug|x86.ActiveCfg = Debug|Win32
		{0953025E-6A82-4C2E-BF01-8205975F770C}.Debug|x86.Build.0 = Debug|Win32
		{0953025E-6A82-4C2E-BF01-8205975F770C}.Release|x64.ActiveCfg = Release|x64
		{0953025E-6A82-4C2E-BF01-8205975F770C}.Release|x64.Build.0 = Release|x64
		{0953025E-6A82-4C2E-BF01-8205975F770C}.Release|x86.ActiveCfg = Release|Win32
		{0953025E-6A82-4C2E-BF01-8205975F770C}.Release|x86.Build.0 = Release|Win32
		{20268C95-3532-4419-B286-AA3080F60AED}.Debug|x64.ActiveCfg = Debug|x64
		{20268C95-3532-4419-B286-AA3080F60AED}.Debug|x64.Build.0 = Debug|x64
		{20268C95-3532-4419-B286-AA3080F60AED}.Debug|x86.ActiveCfg = Debug|Win32
		{20268C95-3532-4419-B286-AA3080F60AED}.Debug|x86.Build.0 = Debug|Win32
		{20268C95-3532-4419-B286-AA3080F60AED}.Release|x64.ActiveCfg = Release|x64
		{20268C95-3532-4419-B286-AA3080F60AED}.Release|x64.Build.0 = Release|x64
		{20268C95-3532-4419-B286-AA3080F60AED}.Release|x86.ActiveCfg = Release|Win32
		{20268C95-3532-4419-B286-AA3080F60AED}.Release|x86.Build.0 = Release|Win32
		{A8E2F706-2A26-4C07-B859-E7899A76CE92}.Debug|x64.ActiveCfg = Debug|x64
		{A8E2F706-2A26-4C07-B859-E7899A76CE92}.Debug|x64.Build.0 = Debug|x64
		{A8E2F706-2A26-4C07-B859-E7899A76CE92}.Debug|x86.ActiveCfg = Debug|Win32
		{A8E2F706-2A26-4C07-B859-E7899A76CE92}.Debug|x86.Build.0 = Debug|Win32
		{A8E2F706-2A26-4C07-B859-E7899A76CE92}.Release|x64.ActiveCfg = Release|x64
		{A8E2F706-2A26-4C07-B859-E7899A76CE92}.Release|x64.Build.0 = Release|x64
		{A8E2F706-2A26-4C07-B859-E7899A76CE92}.Release|x86.ActiveCfg = Release|Win32
		{A8E2F706-2A26-4C07-B859-E7899A76CE92}.Release|x86.Build.0 = Release|Win32
		{2738EA80-9D76-4E01-A89C-F0D8D242167B}.Debug|x64.ActiveCfg = Debug|x64
		{2738EA80-9D76-4E01-A89C-F0D8D242167B}.Debug|x64.Build.0 = Debug|x64
		{2738EA80-9D76-4E01-A89C-F0D8D242167B}.Debug|x86.ActiveCfg = Debug|Win32
		{2738EA80-9D76-4E01-A89C-F0D8D242167B}.Debug|x86.Build.0 = Debug|Win32
		{2738EA80-9D76-4E01-A89C-F0D8D242167B}.Release|x64.ActiveCfg = Release|x64
		{2738EA80-9D76-4E01-A89C-F0D8D242167B}.Release|x64.Build.0 = Release|x64
		{2738EA80-9D76-4E01-A89C-F0D8D242167B}.Release|x86.ActiveCfg = Release|Win32
		{2738EA80-9D76-4E01-A89C-F0D8D242167B}.Release|x86.Build.0 = Release|Win32
		{F4C37903-610D-4134-B0B8-C2CF1599E204}.Debug|x64.ActiveCfg = Debug|x64
		{F4C37903-610D-4134-B0B8-C2CF1599E204}.Debug|x64.Build.0 = Debug|x64
		{F4C37903-610D-4134-B0B8-C2CF1599E204}.Debug|x86.ActiveCfg = Debug|Win32
		{F4C37903-610D-4134-B0B8-C2CF1599E204}.Debug|x86.Build.0 = Debug|Win32
		{F4C37903-610D-4134-B0B8-C2CF1599E204}.Release|x64.ActiveCfg = Release|x64
		{F4C37903-610D-4134-B0B8-C2CF1599E204}.Release|x64.Build.0 = Release|x64
		{F4C37903-610D-4134-B0B8-C2CF1599E204}.Release|x86.ActiveCfg = Release|Win32
		{F4C37903-610D-4134-B0B8-C2CF1599E204}.Release|x86.Build.0 = Release|Win32
		{ECDCEA48-A79B-448B-9D23-E59F1D380EBA}.Debug|x64.ActiveCfg = Debug|x64
		{ECDCEA48-A79B-448B-9D23-E59F1D380EBA}.Debug|x64.Build.0 = Debug|x64
		{ECDCEA48-A79B-448B-9D23-E59F1D380EBA}.Debug|x86.ActiveCfg = Debug|Win32
		{ECDCEA48-A79B-448B-9D23-E59F1D380EBA}.Debug|x86.Build.0 = Debug|Win32
		{ECDCEA48-A79B-448B-9D23-E59F1D380EBA}.Release|x64.ActiveCfg = Release|x64
		{ECDCEA48-A79B-448B-9D23-E59F1D380EBA}.Release|x64.Build.0 = Release|x64
		{ECDCEA48-A79B-448B-9D23-E59F1D380EBA}.Release|x86.ActiveCfg = Release|Win32
		{ECDCEA48-A79B-448B-9D23-E59F1D380EBA}.Release|x86.Build.0 = Release|Win32
		{E0BB4547-8BA0-42CE-B77D-8E86EB8B140B}.Debug|x64.ActiveCfg = Debug|x64
		{E0BB4547-8BA0-42CE-B77D-8E86EB8B140B}.Debug|x64.Build.0 = Debug|x64
		{E0BB4547-8BA0-42CE-B77D-8E86EB8B140B}.Debug|x86.ActiveCfg = Debug|Win32
		{E0BB4547-8BA0-42CE-B77D-8E86EB8B140B}.Debug|x86.Build.0 = Debug|Win32
		{E0BB4547-8BA0-42CE-B77D-8E86EB8B140B}.Release|x64.ActiveCfg = Release|x64
		{E0BB4547-8BA0-42CE-B77D-8E86EB8B140B}.Release|x64.Build.0 = Release|x64
		{E0BB4547-8BA0-42CE-B77D-8E86EB8B140B}.Release|x86.ActiveCfg = Release|Win32
		{E0BB4547-8BA0-42CE-B77D-8E86EB8B140B}.Release|x86.Build.0 = Release|Win32
		{6A9795F8-9380-43C1-A253-6645B70D16BC}.Debug|x64.ActiveCfg = Debug|x64
		{6A9795F8-9380-43C1-A253-6645B70D16BC}.Debug|x64.Build.0 = Debug|x64
		{6A9795F8-9380-43C1-A253-6645B70D16BC}.Debug|x86.ActiveCfg = Debug|Win32
		{6A9795F8-9380-43C1-A253-6645B70D16BC}.Debug|x86.Build.0 = Debug|Win32
		{6A9795F8-9380-43C1-A253-6645B70D16BC}.Release|x64.ActiveCfg = Release|x64
		{6A9795F8-9380-43C1-A253-6645B70D16BC}.Release|x64.Build.0 = Release|x64
		{6A9795F8-9380-43C1-A253-6645B70D16BC}.Release|x86.ActiveCfg = Release|Win32
		{6A9795F8-9380-43C1-A253-6645B70D16BC}.Release|x86.Build.0 = Release|Win32
		{D797C9E0-AE9A-4C8A-845F-5D9357B11AC0}.Debug|x64.ActiveCfg = Debug|x64
		{D797C9E0-AE9A-4C8A-845F-5D9357B11AC0}.Debug|x64.Build.0 = Debug|x64
		{D797C9E0-AE9A-4C8A-845F-5D9357B11AC0}.Debug|x86.ActiveCfg = Debug|Win32
		{D797C9E0-AE9A-4C8A-845F-5D9357B11AC0}.Debug|x86.Build.0 = Debug|Win32
		{D797C9E0-AE9A-4C8A-845F-5D9357B11AC0}.Release|x64.ActiveCfg = Release|x64
		{D797C9E0-AE9A-4C8A-845F-5D9357B11AC0}.Release|x64.Build.0 = Release|x64
		{D797C9E0-AE9A-4C8A-845F-5D9357B11AC0}.Release|x86.ActiveCfg = Release|Win32
		{D797C9E0-AE9A-4C8A-845F-5D9357B11AC0}.Release|x86.Build.0 = Release|Win32
		{8C8ACB33-7A09-48A6-9C0A-357060086402}.Debug|x64.ActiveCfg = Debug|x64
		{8C8ACB33-7A09-48A6-9C0A-357060086402}.Debug|x64.Build.0 = Debug|x64
		{8C8ACB33-7A09-48A6-9C0A-357060086402}.Debug|x86.ActiveCfg = Debug|Win32
		{8C8ACB33-7A09-48A6-9C0A-357060086402}.Debug|x86.Build.0 = Debug|Win32
		{8C8ACB33-7A09-48A6-9C0A-357060086402}.Release|x64.ActiveCfg = Release|x64
		{8C8ACB33-7A09-48A6-9C0A-357060086402}.Release|x64.Build.0 = Release|x64
		{8C8ACB33-7A09-48A6-9C0A-357060086402}.Release|x86.ActiveCfg = Release|Win32
		{8C8ACB33-7A09-48A6-9C0A-357060086402}.Release|x86.Build.0 = Release|Win32
		{0DECA468-B0D2-42DC-BEAD-B410C88A2906}.Debug|x64.ActiveCfg = Debug|x64
		{0DECA468-B0D2-42DC-BEAD-B410C88A2906}.Debug|x64.Build.0 = Debug|x64
		{0DECA468-B0D2-42DC-BEAD-B410C88A2906}.Debug|x86.ActiveCfg = Debug|Win32
		{0DECA468-B0D2-42DC-BEAD-B410C88A2906}.Debug|x86.Build.0 = Debug|Win32
		{0DECA468-B0D2-42DC-BEAD-B410C88A2906}.Release|x64.ActiveCfg = Release|x64
		{0DECA468-B0D2-42DC-BEAD-B410C88A2906}.Release|x64.Build.0 = Release|x64
		{0DECA468-B0D2-42DC-BEAD-B410C88A2906}.Release|x86.ActiveCfg = Release|Win32
		{0DECA468-B0D2-42DC-BEAD-B410C88A2906}.Release|x86.Build.0 = Release|Win32
		{7EEC72A6-30FC-4A56-9295-6789ACDCD618}.Debug|x64.ActiveCfg = Debug|x64
		{7EEC72A6-30FC-4A56-9295-6789ACDCD618}.Debug|x64.Build.0 = Debug|x64
		{7EEC72A6-30FC-4A56-9295-6789ACDCD618}.Debug|x86.ActiveCfg = Debug|Win32
		{7EEC72A6-30FC-4A56-9295-6789ACDCD618}.Debug|x86.Build.0 = Debug|Win32
		{7EEC72A6-30FC-4A56-9295-6789ACDCD618}.Release|x64.ActiveCfg = Release|x64
		{7EEC72A6-30FC-4A56-9295-6789ACDCD618}.Release|x64.Build.0 = Release|x64
		{7EEC72A6-30FC-4A56-9295-6789ACDCD618}.Release|x86.ActiveCfg = Release|Win32
		{7EEC72A6-30FC-4A56-9295-6789ACDCD618}.Release|x86.Build.0 = Release|Win32
		{7E4CBCA2-3BCE-4774-ABBD-AB79E1B66CFF}.Debug|x64.ActiveCfg = Debug|x64
		{7E4CBCA2-3BCE-4774-ABBD-AB79E1B66CFF}.Debug|x64.Build.0 = Debug|x64
		{7E4CBCA2-3BCE-4774-ABBD-AB79E1B66CFF}.Debug|x86.ActiveCfg = Debug|Win32
		{7E4CBCA2-3BCE-4774-ABBD-AB79E1B66CFF}.Debug|x86.Build.0 = Debug|Win32
		{7E4CBCA2-3BCE-4774-ABBD-AB79E1B66CFF}.Release|x64.ActiveCfg = Release|x64
		{7E4CBCA2-3BCE-4774-ABBD-AB79E1B66CFF}.Release|x64.Build.0 = Release|x64
		{7E4CBCA2-3BCE-4774-ABBD-AB79E1B66CFF}.Release|x86.ActiveCfg = Release|Win32
		{7E4CBCA2-3BCE-4774-ABBD-AB79E1B66CFF}.Release|x86.Build.0 = Release|Win32
	EndGlobalSection
	GlobalSection(SolutionProperties) = preSolution
		HideSolutionNode = FALSE
	EndGlobalSection
	GlobalSection(ExtensibilityGlobals) = postSolution
		SolutionGuid = {7EEBDFD1-D702-4E61-9B5F-A526C8479A7F}
	EndGlobalSection
EndGlobal
