
Microsoft Visual Studio Solution File, Format Version 12.00
# Visual Studio Version 16
VisualStudioVersion = 16.0.31129.286
MinimumVisualStudioVersion = 10.0.40219.1
Project("{8BC9CEB8-8B4A-11D0-8D11-00A0C91BC942}") = "HelloWorld", "HelloWorld\HelloWorld.vcxproj", "{D25276F0-9E9C-4F23-B5CE-0535C3BC829C}"
EndProject
Project("{8BC9CEB8-8B4A-11D0-8D11-00A0C91BC942}") = "UserDataTypes", "UserDataTypes\UserDataTypes.vcxproj", "{0953025E-6A82-4C2E-BF01-8205975F770C}"
EndProject
Project("{8BC9CEB8-8B4A-11D0-8D11-00A0C91BC942}") = "MannB_DataTypes", "MannB_DataTypes\MannB_DataTypes.vcxproj", "{20268C95-3532-4419-B286-AA3080F60AED}"
EndProject
Project("{8BC9CEB8-8B4A-11D0-8D11-00A0C91BC942}") = "MannB_UserDataTypes", "MannB_UserDataTypes\MannB_UserDataTypes.vcxproj", "{A8E2F706-2A26-4C07-B859-E7899A76CE92}"
EndProject
Global
	GlobalSection(SolutionConfigurationPlatforms) = preSolution
		Debug|x64 = Debug|x64
		Debug|x86 = Debug|x86
		Release|x64 = Release|x64
		Release|x86 = Release|x86
	EndGlobalSection
	GlobalSection(ProjectConfigurationPlatforms) = postSolution
		{D25276F0-9E9C-4F23-B5CE-0535C3BC829C}.Debug|x64.ActiveCfg = Debug|x64
		{D25276F0-9E9C-4F23-B5CE-0535C3BC829C}.Debug|x64.Build.0 = Debug|x64
		{D25276F0-9E9C-4F23-B5CE-0535C3BC829C}.Debug|x86.ActiveCfg = Debug|Win32
		{D25276F0-9E9C-4F23-B5CE-0535C3BC829C}.Debug|x86.Build.0 = Debug|Win32
		{D25276F0-9E9C-4F23-B5CE-0535C3BC829C}.Release|x64.ActiveCfg = Release|x64
		{D25276F0-9E9C-4F23-B5CE-0535C3BC829C}.Release|x64.Build.0 = Release|x64
		{D25276F0-9E9C-4F23-B5CE-0535C3BC829C}.Release|x86.ActiveCfg = Release|Win32
		{D25276F0-9E9C-4F23-B5CE-0535C3BC829C}.Release|x86.Build.0 = Release|Win32
		{0953025E-6A82-4C2E-BF01-8205975F770C}.Debug|x64.ActiveCfg = Debug|x64
		{0953025E-6A82-4C2E-BF01-8205975F770C}.Debug|x64.Build.0 = Debug|x64
		{0953025E-6A82-4C2E-BF01-8205975F770C}.Debug|x86.ActiveCfg = Debug|Win32
		{0953025E-6A82-4C2E-BF01-8205975F770C}.Debug|x86.Build.0 = Debug|Win32
		{0953025E-6A82-4C2E-BF01-8205975F770C}.Release|x64.ActiveCfg = Release|x64
		{0953025E-6A82-4C2E-BF01-8205975F770C}.Release|x64.Build.0 = Release|x64
		{0953025E-6A82-4C2E-BF01-8205975F770C}.Release|x86.ActiveCfg = Release|Win32
		{0953025E-6A82-4C2E-BF01-8205975F770C}.Release|x86.Build.0 = Release|Win32
		{20268C95-3532-4419-B286-AA3080F60AED}.Debug|x64.ActiveCfg = Debug|x64
		{20268C95-3532-4419-B286-AA3080F60AED}.Debug|x64.Build.0 = Debug|x64
		{20268C95-3532-4419-B286-AA3080F60AED}.Debug|x86.ActiveCfg = Debug|Win32
		{20268C95-3532-4419-B286-AA3080F60AED}.Debug|x86.Build.0 = Debug|Win32
		{20268C95-3532-4419-B286-AA3080F60AED}.Release|x64.ActiveCfg = Release|x64
		{20268C95-3532-4419-B286-AA3080F60AED}.Release|x64.Build.0 = Release|x64
		{20268C95-3532-4419-B286-AA3080F60AED}.Release|x86.ActiveCfg = Release|Win32
		{20268C95-3532-4419-B286-AA3080F60AED}.Release|x86.Build.0 = Release|Win32
		{A8E2F706-2A26-4C07-B859-E7899A76CE92}.Debug|x64.ActiveCfg = Debug|x64
		{A8E2F706-2A26-4C07-B859-E7899A76CE92}.Debug|x64.Build.0 = Debug|x64
		{A8E2F706-2A26-4C07-B859-E7899A76CE92}.Debug|x86.ActiveCfg = Debug|Win32
		{A8E2F706-2A26-4C07-B859-E7899A76CE92}.Debug|x86.Build.0 = Debug|Win32
		{A8E2F706-2A26-4C07-B859-E7899A76CE92}.Release|x64.ActiveCfg = Release|x64
		{A8E2F706-2A26-4C07-B859-E7899A76CE92}.Release|x64.Build.0 = Release|x64
		{A8E2F706-2A26-4C07-B859-E7899A76CE92}.Release|x86.ActiveCfg = Release|Win32
		{A8E2F706-2A26-4C07-B859-E7899A76CE92}.Release|x86.Build.0 = Release|Win32
	EndGlobalSection
	GlobalSection(SolutionProperties) = preSolution
		HideSolutionNode = FALSE
	EndGlobalSection
	GlobalSection(ExtensibilityGlobals) = postSolution
		SolutionGuid = {7EEBDFD1-D702-4E61-9B5F-A526C8479A7F}
	EndGlobalSection
EndGlobal
